// !$*UTF8*$!
{
	archiveVersion = 1;
	classes = {
	};
	objectVersion = 51;
	objects = {

/* Begin PBXBuildFile section */
		95A90A48C09CA4F8C3E1D451 /* Pods_GoodWeather.framework in Frameworks */ = {isa = PBXBuildFile; fileRef = 8C8F7A32EE9CD9FE1E938668 /* Pods_GoodWeather.framework */; };
		AEA2D89E251A5B7C0009DD1B /* AppDelegate.swift in Sources */ = {isa = PBXBuildFile; fileRef = AEA2D89D251A5B7C0009DD1B /* AppDelegate.swift */; };
		AEA2D8A0251A5B7C0009DD1B /* SceneDelegate.swift in Sources */ = {isa = PBXBuildFile; fileRef = AEA2D89F251A5B7C0009DD1B /* SceneDelegate.swift */; };
		AEA2D8A2251A5B7C0009DD1B /* ViewController.swift in Sources */ = {isa = PBXBuildFile; fileRef = AEA2D8A1251A5B7C0009DD1B /* ViewController.swift */; };
		AEA2D8A5251A5B7C0009DD1B /* Main.storyboard in Resources */ = {isa = PBXBuildFile; fileRef = AEA2D8A3251A5B7C0009DD1B /* Main.storyboard */; };
		AEA2D8A7251A5B7E0009DD1B /* Assets.xcassets in Resources */ = {isa = PBXBuildFile; fileRef = AEA2D8A6251A5B7E0009DD1B /* Assets.xcassets */; };
		AEA2D8AA251A5B7E0009DD1B /* LaunchScreen.storyboard in Resources */ = {isa = PBXBuildFile; fileRef = AEA2D8A8251A5B7E0009DD1B /* LaunchScreen.storyboard */; };
		AEA2D8B5251B5AED0009DD1B /* WeatherResult.swift in Sources */ = {isa = PBXBuildFile; fileRef = AEA2D8B4251B5AED0009DD1B /* WeatherResult.swift */; };
		AEA2D8BE251B5CCD0009DD1B /* URLRequest+Extensions.swift in Sources */ = {isa = PBXBuildFile; fileRef = AEA2D8BD251B5CCD0009DD1B /* URLRequest+Extensions.swift */; };
		AEA2D8C4251B64120009DD1B /* URL+Extensions.swift in Sources */ = {isa = PBXBuildFile; fileRef = AEA2D8C3251B64110009DD1B /* URL+Extensions.swift */; };
/* End PBXBuildFile section */

/* Begin PBXFileReference section */
		8C8F7A32EE9CD9FE1E938668 /* Pods_GoodWeather.framework */ = {isa = PBXFileReference; explicitFileType = wrapper.framework; includeInIndex = 0; path = Pods_GoodWeather.framework; sourceTree = BUILT_PRODUCTS_DIR; };
		AEA2D89A251A5B7C0009DD1B /* GoodWeather.app */ = {isa = PBXFileReference; explicitFileType = wrapper.application; includeInIndex = 0; path = GoodWeather.app; sourceTree = BUILT_PRODUCTS_DIR; };
		AEA2D89D251A5B7C0009DD1B /* AppDelegate.swift */ = {isa = PBXFileReference; lastKnownFileType = sourcecode.swift; path = AppDelegate.swift; sourceTree = "<group>"; };
		AEA2D89F251A5B7C0009DD1B /* SceneDelegate.swift */ = {isa = PBXFileReference; lastKnownFileType = sourcecode.swift; path = SceneDelegate.swift; sourceTree = "<group>"; };
		AEA2D8A1251A5B7C0009DD1B /* ViewController.swift */ = {isa = PBXFileReference; lastKnownFileType = sourcecode.swift; path = ViewController.swift; sourceTree = "<group>"; };
		AEA2D8A4251A5B7C0009DD1B /* Base */ = {isa = PBXFileReference; lastKnownFileType = file.storyboard; name = Base; path = Base.lproj/Main.storyboard; sourceTree = "<group>"; };
		AEA2D8A6251A5B7E0009DD1B /* Assets.xcassets */ = {isa = PBXFileReference; lastKnownFileType = folder.assetcatalog; path = Assets.xcassets; sourceTree = "<group>"; };
		AEA2D8A9251A5B7E0009DD1B /* Base */ = {isa = PBXFileReference; lastKnownFileType = file.storyboard; name = Base; path = Base.lproj/LaunchScreen.storyboard; sourceTree = "<group>"; };
		AEA2D8AB251A5B7E0009DD1B /* Info.plist */ = {isa = PBXFileReference; lastKnownFileType = text.plist.xml; path = Info.plist; sourceTree = "<group>"; };
		AEA2D8B4251B5AED0009DD1B /* WeatherResult.swift */ = {isa = PBXFileReference; lastKnownFileType = sourcecode.swift; path = WeatherResult.swift; sourceTree = "<group>"; };
		AEA2D8BD251B5CCD0009DD1B /* URLRequest+Extensions.swift */ = {isa = PBXFileReference; lastKnownFileType = sourcecode.swift; path = "URLRequest+Extensions.swift"; sourceTree = "<group>"; };
		AEA2D8C3251B64110009DD1B /* URL+Extensions.swift */ = {isa = PBXFileReference; lastKnownFileType = sourcecode.swift; path = "URL+Extensions.swift"; sourceTree = "<group>"; };
		CE6AFCD0BC16020B9C0BD9B8 /* Pods-GoodWeather.release.xcconfig */ = {isa = PBXFileReference; includeInIndex = 1; lastKnownFileType = text.xcconfig; name = "Pods-GoodWeather.release.xcconfig"; path = "Target Support Files/Pods-GoodWeather/Pods-GoodWeather.release.xcconfig"; sourceTree = "<group>"; };
		DF441F69B457F01F00BA4DBD /* Pods-GoodWeather.debug.xcconfig */ = {isa = PBXFileReference; includeInIndex = 1; lastKnownFileType = text.xcconfig; name = "Pods-GoodWeather.debug.xcconfig"; path = "Target Support Files/Pods-GoodWeather/Pods-GoodWeather.debug.xcconfig"; sourceTree = "<group>"; };
/* End PBXFileReference section */

/* Begin PBXFrameworksBuildPhase section */
		AEA2D897251A5B7C0009DD1B /* Frameworks */ = {
			isa = PBXFrameworksBuildPhase;
			buildActionMask = 2147483647;
			files = (
				95A90A48C09CA4F8C3E1D451 /* Pods_GoodWeather.framework in Frameworks */,
			);
			runOnlyForDeploymentPostprocessing = 0;
		};
/* End PBXFrameworksBuildPhase section */

/* Begin PBXGroup section */
		AEA2D891251A5B7C0009DD1B = {
			isa = PBXGroup;
			children = (
				AEA2D89C251A5B7C0009DD1B /* GoodWeather */,
				AEA2D89B251A5B7C0009DD1B /* Products */,
				BA104CC8573776E84AFB4F51 /* Pods */,
				CFF2D1E99B9C986E1356DE22 /* Frameworks */,
			);
			sourceTree = "<group>";
		};
		AEA2D89B251A5B7C0009DD1B /* Products */ = {
			isa = PBXGroup;
			children = (
				AEA2D89A251A5B7C0009DD1B /* GoodWeather.app */,
			);
			name = Products;
			sourceTree = "<group>";
		};
		AEA2D89C251A5B7C0009DD1B /* GoodWeather */ = {
			isa = PBXGroup;
			children = (
				AEA2D8BC251B5CB30009DD1B /* Extensions */,
				AEA2D8B3251B5AD60009DD1B /* Models */,
				AEA2D8C1251B5F5A0009DD1B /* Controllers */,
				AEA2D89D251A5B7C0009DD1B /* AppDelegate.swift */,
				AEA2D89F251A5B7C0009DD1B /* SceneDelegate.swift */,
				AEA2D8A3251A5B7C0009DD1B /* Main.storyboard */,
				AEA2D8A6251A5B7E0009DD1B /* Assets.xcassets */,
				AEA2D8A8251A5B7E0009DD1B /* LaunchScreen.storyboard */,
				AEA2D8AB251A5B7E0009DD1B /* Info.plist */,
			);
			path = GoodWeather;
			sourceTree = "<group>";
		};
		AEA2D8B3251B5AD60009DD1B /* Models */ = {
			isa = PBXGroup;
			children = (
				AEA2D8B4251B5AED0009DD1B /* WeatherResult.swift */,
			);
			path = Models;
			sourceTree = "<group>";
		};
		AEA2D8BC251B5CB30009DD1B /* Extensions */ = {
			isa = PBXGroup;
			children = (
				AEA2D8BD251B5CCD0009DD1B /* URLRequest+Extensions.swift */,
				AEA2D8C3251B64110009DD1B /* URL+Extensions.swift */,
			);
			path = Extensions;
			sourceTree = "<group>";
		};
		AEA2D8C1251B5F5A0009DD1B /* Controllers */ = {
			isa = PBXGroup;
			children = (
				AEA2D8A1251A5B7C0009DD1B /* ViewController.swift */,
			);
			path = Controllers;
			sourceTree = "<group>";
		};
		BA104CC8573776E84AFB4F51 /* Pods */ = {
			isa = PBXGroup;
			children = (
				DF441F69B457F01F00BA4DBD /* Pods-GoodWeather.debug.xcconfig */,
				CE6AFCD0BC16020B9C0BD9B8 /* Pods-GoodWeather.release.xcconfig */,
			);
			path = Pods;
			sourceTree = "<group>";
		};
		CFF2D1E99B9C986E1356DE22 /* Frameworks */ = {
			isa = PBXGroup;
			children = (
				8C8F7A32EE9CD9FE1E938668 /* Pods_GoodWeather.framework */,
			);
			name = Frameworks;
			sourceTree = "<group>";
		};
/* End PBXGroup section */

/* Begin PBXNativeTarget section */
		AEA2D899251A5B7C0009DD1B /* GoodWeather */ = {
			isa = PBXNativeTarget;
			buildConfigurationList = AEA2D8AE251A5B7E0009DD1B /* Build configuration list for PBXNativeTarget "GoodWeather" */;
			buildPhases = (
				2F34613992202C14A18A8708 /* [CP] Check Pods Manifest.lock */,
				AEA2D896251A5B7C0009DD1B /* Sources */,
				AEA2D897251A5B7C0009DD1B /* Frameworks */,
				AEA2D898251A5B7C0009DD1B /* Resources */,
				37125CA39B1C9D55D7216814 /* [CP] Embed Pods Frameworks */,
			);
			buildRules = (
			);
			dependencies = (
			);
			name = GoodWeather;
			productName = GoodWeather;
			productReference = AEA2D89A251A5B7C0009DD1B /* GoodWeather.app */;
			productType = "com.apple.product-type.application";
		};
/* End PBXNativeTarget section */

/* Begin PBXProject section */
		AEA2D892251A5B7C0009DD1B /* Project object */ = {
			isa = PBXProject;
			attributes = {
				LastSwiftUpdateCheck = 1200;
				LastUpgradeCheck = 1200;
				TargetAttributes = {
					AEA2D899251A5B7C0009DD1B = {
						CreatedOnToolsVersion = 12.0;
					};
				};
			};
			buildConfigurationList = AEA2D895251A5B7C0009DD1B /* Build configuration list for PBXProject "GoodWeather" */;
			compatibilityVersion = "Xcode 9.3";
			developmentRegion = en;
			hasScannedForEncodings = 0;
			knownRegions = (
				en,
				Base,
			);
			mainGroup = AEA2D891251A5B7C0009DD1B;
			productRefGroup = AEA2D89B251A5B7C0009DD1B /* Products */;
			projectDirPath = "";
			projectRoot = "";
			targets = (
				AEA2D899251A5B7C0009DD1B /* GoodWeather */,
			);
		};
/* End PBXProject section */

/* Begin PBXResourcesBuildPhase section */
		AEA2D898251A5B7C0009DD1B /* Resources */ = {
			isa = PBXResourcesBuildPhase;
			buildActionMask = 2147483647;
			files = (
				AEA2D8AA251A5B7E0009DD1B /* LaunchScreen.storyboard in Resources */,
				AEA2D8A7251A5B7E0009DD1B /* Assets.xcassets in Resources */,
				AEA2D8A5251A5B7C0009DD1B /* Main.storyboard in Resources */,
			);
			runOnlyForDeploymentPostprocessing = 0;
		};
/* End PBXResourcesBuildPhase section */

/* Begin PBXShellScriptBuildPhase section */
		2F34613992202C14A18A8708 /* [CP] Check Pods Manifest.lock */ = {
			isa = PBXShellScriptBuildPhase;
			buildActionMask = 2147483647;
			files = (
			);
			inputFileListPaths = (
			);
			inputPaths = (
				"${PODS_PODFILE_DIR_PATH}/Podfile.lock",
				"${PODS_ROOT}/Manifest.lock",
			);
			name = "[CP] Check Pods Manifest.lock";
			outputFileListPaths = (
			);
			outputPaths = (
				"$(DERIVED_FILE_DIR)/Pods-GoodWeather-checkManifestLockResult.txt",
			);
			runOnlyForDeploymentPostprocessing = 0;
			shellPath = /bin/sh;
			shellScript = "diff \"${PODS_PODFILE_DIR_PATH}/Podfile.lock\" \"${PODS_ROOT}/Manifest.lock\" > /dev/null\nif [ $? != 0 ] ; then\n    # print error to STDERR\n    echo \"error: The sandbox is not in sync with the Podfile.lock. Run 'pod install' or update your CocoaPods installation.\" >&2\n    exit 1\nfi\n# This output is used by Xcode 'outputs' to avoid re-running this script phase.\necho \"SUCCESS\" > \"${SCRIPT_OUTPUT_FILE_0}\"\n";
			showEnvVarsInLog = 0;
		};
		37125CA39B1C9D55D7216814 /* [CP] Embed Pods Frameworks */ = {
			isa = PBXShellScriptBuildPhase;
			buildActionMask = 2147483647;
			files = (
			);
			inputFileListPaths = (
				"${PODS_ROOT}/Target Support Files/Pods-GoodWeather/Pods-GoodWeather-frameworks-${CONFIGURATION}-input-files.xcfilelist",
			);
			name = "[CP] Embed Pods Frameworks";
			outputFileListPaths = (
				"${PODS_ROOT}/Target Support Files/Pods-GoodWeather/Pods-GoodWeather-frameworks-${CONFIGURATION}-output-files.xcfilelist",
			);
			runOnlyForDeploymentPostprocessing = 0;
			shellPath = /bin/sh;
			shellScript = "\"${PODS_ROOT}/Target Support Files/Pods-GoodWeather/Pods-GoodWeather-frameworks.sh\"\n";
			showEnvVarsInLog = 0;
		};
/* End PBXShellScriptBuildPhase section */

/* Begin PBXSourcesBuildPhase section */
		AEA2D896251A5B7C0009DD1B /* Sources */ = {
			isa = PBXSourcesBuildPhase;
			buildActionMask = 2147483647;
			files = (
				AEA2D8A2251A5B7C0009DD1B /* ViewController.swift in Sources */,
				AEA2D8C4251B64120009DD1B /* URL+Extensions.swift in Sources */,
				AEA2D8B5251B5AED0009DD1B /* WeatherResult.swift in Sources */,
				AEA2D89E251A5B7C0009DD1B /* AppDelegate.swift in Sources */,
				AEA2D8BE251B5CCD0009DD1B /* URLRequest+Extensions.swift in Sources */,
				AEA2D8A0251A5B7C0009DD1B /* SceneDelegate.swift in Sources */,
			);
			runOnlyForDeploymentPostprocessing = 0;
		};
/* End PBXSourcesBuildPhase section */

/* Begin PBXVariantGroup section */
		AEA2D8A3251A5B7C0009DD1B /* Main.storyboard */ = {
			isa = PBXVariantGroup;
			children = (
				AEA2D8A4251A5B7C0009DD1B /* Base */,
			);
			name = Main.storyboard;
			sourceTree = "<group>";
		};
		AEA2D8A8251A5B7E0009DD1B /* LaunchScreen.storyboard */ = {
			isa = PBXVariantGroup;
			children = (
				AEA2D8A9251A5B7E0009DD1B /* Base */,
			);
			name = LaunchScreen.storyboard;
			sourceTree = "<group>";
		};
/* End PBXVariantGroup section */

/* Begin XCBuildConfiguration section */
		AEA2D8AC251A5B7E0009DD1B /* Debug */ = {
			isa = XCBuildConfiguration;
			buildSettings = {
				ALWAYS_SEARCH_USER_PATHS = NO;
				CLANG_ANALYZER_NONNULL = YES;
				CLANG_ANALYZER_NUMBER_OBJECT_CONVERSION = YES_AGGRESSIVE;
				CLANG_CXX_LANGUAGE_STANDARD = "gnu++14";
				CLANG_CXX_LIBRARY = "libc++";
				CLANG_ENABLE_MODULES = YES;
				CLANG_ENABLE_OBJC_ARC = YES;
				CLANG_ENABLE_OBJC_WEAK = YES;
				CLANG_WARN_BLOCK_CAPTURE_AUTORELEASING = YES;
				CLANG_WARN_BOOL_CONVERSION = YES;
				CLANG_WARN_COMMA = YES;
				CLANG_WARN_CONSTANT_CONVERSION = YES;
				CLANG_WARN_DEPRECATED_OBJC_IMPLEMENTATIONS = YES;
				CLANG_WARN_DIRECT_OBJC_ISA_USAGE = YES_ERROR;
				CLANG_WARN_DOCUMENTATION_COMMENTS = YES;
				CLANG_WARN_EMPTY_BODY = YES;
				CLANG_WARN_ENUM_CONVERSION = YES;
				CLANG_WARN_INFINITE_RECURSION = YES;
				CLANG_WARN_INT_CONVERSION = YES;
				CLANG_WARN_NON_LITERAL_NULL_CONVERSION = YES;
				CLANG_WARN_OBJC_IMPLICIT_RETAIN_SELF = YES;
				CLANG_WARN_OBJC_LITERAL_CONVERSION = YES;
				CLANG_WARN_OBJC_ROOT_CLASS = YES_ERROR;
				CLANG_WARN_QUOTED_INCLUDE_IN_FRAMEWORK_HEADER = YES;
				CLANG_WARN_RANGE_LOOP_ANALYSIS = YES;
				CLANG_WARN_STRICT_PROTOTYPES = YES;
				CLANG_WARN_SUSPICIOUS_MOVE = YES;
				CLANG_WARN_UNGUARDED_AVAILABILITY = YES_AGGRESSIVE;
				CLANG_WARN_UNREACHABLE_CODE = YES;
				CLANG_WARN__DUPLICATE_METHOD_MATCH = YES;
				COPY_PHASE_STRIP = NO;
				DEBUG_INFORMATION_FORMAT = dwarf;
				ENABLE_STRICT_OBJC_MSGSEND = YES;
				ENABLE_TESTABILITY = YES;
				GCC_C_LANGUAGE_STANDARD = gnu11;
				GCC_DYNAMIC_NO_PIC = NO;
				GCC_NO_COMMON_BLOCKS = YES;
				GCC_OPTIMIZATION_LEVEL = 0;
				GCC_PREPROCESSOR_DEFINITIONS = (
					"DEBUG=1",
					"$(inherited)",
				);
				GCC_WARN_64_TO_32_BIT_CONVERSION = YES;
				GCC_WARN_ABOUT_RETURN_TYPE = YES_ERROR;
				GCC_WARN_UNDECLARED_SELECTOR = YES;
				GCC_WARN_UNINITIALIZED_AUTOS = YES_AGGRESSIVE;
				GCC_WARN_UNUSED_FUNCTION = YES;
				GCC_WARN_UNUSED_VARIABLE = YES;
				IPHONEOS_DEPLOYMENT_TARGET = 14.0;
				MTL_ENABLE_DEBUG_INFO = INCLUDE_SOURCE;
				MTL_FAST_MATH = YES;
				ONLY_ACTIVE_ARCH = YES;
				SDKROOT = iphoneos;
				SWIFT_ACTIVE_COMPILATION_CONDITIONS = DEBUG;
				SWIFT_OPTIMIZATION_LEVEL = "-Onone";
			};
			name = Debug;
		};
		AEA2D8AD251A5B7E0009DD1B /* Release */ = {
			isa = XCBuildConfiguration;
			buildSettings = {
				ALWAYS_SEARCH_USER_PATHS = NO;
				CLANG_ANALYZER_NONNULL = YES;
				CLANG_ANALYZER_NUMBER_OBJECT_CONVERSION = YES_AGGRESSIVE;
				CLANG_CXX_LANGUAGE_STANDARD = "gnu++14";
				CLANG_CXX_LIBRARY = "libc++";
				CLANG_ENABLE_MODULES = YES;
				CLANG_ENABLE_OBJC_ARC = YES;
				CLANG_ENABLE_OBJC_WEAK = YES;
				CLANG_WARN_BLOCK_CAPTURE_AUTORELEASING = YES;
				CLANG_WARN_BOOL_CONVERSION = YES;
				CLANG_WARN_COMMA = YES;
				CLANG_WARN_CONSTANT_CONVERSION = YES;
				CLANG_WARN_DEPRECATED_OBJC_IMPLEMENTATIONS = YES;
				CLANG_WARN_DIRECT_OBJC_ISA_USAGE = YES_ERROR;
				CLANG_WARN_DOCUMENTATION_COMMENTS = YES;
				CLANG_WARN_EMPTY_BODY = YES;
				CLANG_WARN_ENUM_CONVERSION = YES;
				CLANG_WARN_INFINITE_RECURSION = YES;
				CLANG_WARN_INT_CONVERSION = YES;
				CLANG_WARN_NON_LITERAL_NULL_CONVERSION = YES;
				CLANG_WARN_OBJC_IMPLICIT_RETAIN_SELF = YES;
				CLANG_WARN_OBJC_LITERAL_CONVERSION = YES;
				CLANG_WARN_OBJC_ROOT_CLASS = YES_ERROR;
				CLANG_WARN_QUOTED_INCLUDE_IN_FRAMEWORK_HEADER = YES;
				CLANG_WARN_RANGE_LOOP_ANALYSIS = YES;
				CLANG_WARN_STRICT_PROTOTYPES = YES;
				CLANG_WARN_SUSPICIOUS_MOVE = YES;
				CLANG_WARN_UNGUARDED_AVAILABILITY = YES_AGGRESSIVE;
				CLANG_WARN_UNREACHABLE_CODE = YES;
				CLANG_WARN__DUPLICATE_METHOD_MATCH = YES;
				COPY_PHASE_STRIP = NO;
				DEBUG_INFORMATION_FORMAT = "dwarf-with-dsym";
				ENABLE_NS_ASSERTIONS = NO;
				ENABLE_STRICT_OBJC_MSGSEND = YES;
				GCC_C_LANGUAGE_STANDARD = gnu11;
				GCC_NO_COMMON_BLOCKS = YES;
				GCC_WARN_64_TO_32_BIT_CONVERSION = YES;
				GCC_WARN_ABOUT_RETURN_TYPE = YES_ERROR;
				GCC_WARN_UNDECLARED_SELECTOR = YES;
				GCC_WARN_UNINITIALIZED_AUTOS = YES_AGGRESSIVE;
				GCC_WARN_UNUSED_FUNCTION = YES;
				GCC_WARN_UNUSED_VARIABLE = YES;
				IPHONEOS_DEPLOYMENT_TARGET = 14.0;
				MTL_ENABLE_DEBUG_INFO = NO;
				MTL_FAST_MATH = YES;
				SDKROOT = iphoneos;
				SWIFT_COMPILATION_MODE = wholemodule;
				SWIFT_OPTIMIZATION_LEVEL = "-O";
				VALIDATE_PRODUCT = YES;
			};
			name = Release;
		};
		AEA2D8AF251A5B7E0009DD1B /* Debug */ = {
			isa = XCBuildConfiguration;
			baseConfigurationReference = DF441F69B457F01F00BA4DBD /* Pods-GoodWeather.debug.xcconfig */;
			buildSettings = {
				ASSETCATALOG_COMPILER_APPICON_NAME = AppIcon;
				ASSETCATALOG_COMPILER_GLOBAL_ACCENT_COLOR_NAME = AccentColor;
				CODE_SIGN_STYLE = Automatic;
				DEVELOPMENT_TEAM = D6B69W56R4;
				INFOPLIST_FILE = GoodWeather/Info.plist;
				IPHONEOS_DEPLOYMENT_TARGET = 13.6;
				LD_RUNPATH_SEARCH_PATHS = (
					"$(inherited)",
					"@executable_path/Frameworks",
				);
				PRODUCT_BUNDLE_IDENTIFIER = com.kantemirvologirov.GoodWeather;
				PRODUCT_NAME = "$(TARGET_NAME)";
				SWIFT_VERSION = 5.0;
				TARGETED_DEVICE_FAMILY = "1,2";
			};
			name = Debug;
		};
		AEA2D8B0251A5B7E0009DD1B /* Release */ = {
			isa = XCBuildConfiguration;
			baseConfigurationReference = CE6AFCD0BC16020B9C0BD9B8 /* Pods-GoodWeather.release.xcconfig */;
			buildSettings = {
				ASSETCATALOG_COMPILER_APPICON_NAME = AppIcon;
				ASSETCATALOG_COMPILER_GLOBAL_ACCENT_COLOR_NAME = AccentColor;
				CODE_SIGN_STYLE = Automatic;
				DEVELOPMENT_TEAM = D6B69W56R4;
				INFOPLIST_FILE = GoodWeather/Info.plist;
				IPHONEOS_DEPLOYMENT_TARGET = 13.6;
				LD_RUNPATH_SEARCH_PATHS = (
					"$(inherited)",
					"@executable_path/Frameworks",
				);
				PRODUCT_BUNDLE_IDENTIFIER = com.kantemirvologirov.GoodWeather;
				PRODUCT_NAME = "$(TARGET_NAME)";
				SWIFT_VERSION = 5.0;
				TARGETED_DEVICE_FAMILY = "1,2";
			};
			name = Release;
		};
/* End XCBuildConfiguration section */

/* Begin XCConfigurationList section */
		AEA2D895251A5B7C0009DD1B /* Build configuration list for PBXProject "GoodWeather" */ = {
			isa = XCConfigurationList;
			buildConfigurations = (
				AEA2D8AC251A5B7E0009DD1B /* Debug */,
				AEA2D8AD251A5B7E0009DD1B /* Release */,
			);
			defaultConfigurationIsVisible = 0;
			defaultConfigurationName = Release;
		};
		AEA2D8AE251A5B7E0009DD1B /* Build configuration list for PBXNativeTarget "GoodWeather" */ = {
			isa = XCConfigurationList;
			buildConfigurations = (
				AEA2D8AF251A5B7E0009DD1B /* Debug */,
				AEA2D8B0251A5B7E0009DD1B /* Release */,
			);
			defaultConfigurationIsVisible = 0;
			defaultConfigurationName = Release;
		};
/* End XCConfigurationList section */
	};
	rootObject = AEA2D892251A5B7C0009DD1B /* Project object */;
}
